
Microsoft Visual Studio Solution File, Format Version 12.00
# Visual Studio Version 17
VisualStudioVersion = 17.10.34916.146
MinimumVisualStudioVersion = 10.0.40219.1
Project("{FAE04EC0-301F-11D3-BF4B-00C04F79EFBC}") = "BookLibraryManagementSystem", "BookLibraryManagementSystem\BookLibraryManagementSystem.csproj", "{6ACD6E5E-FE63-471A-B64E-F13903929E2B}"
EndProject
Project("{FAE04EC0-301F-11D3-BF4B-00C04F79EFBC}") = "WebApp", "WebApp\WebApp.csproj", "{8F979D48-BA87-453D-A3EB-7FB8761D773A}"
EndProject
Project("{FAE04EC0-301F-11D3-BF4B-00C04F79EFBC}") = "FrontEnd", "FrontEnd\FrontEnd.csproj", "{209C7679-1F3B-475B-95DA-4058A483B612}"
EndProject
Global
	GlobalSection(SolutionConfigurationPlatforms) = preSolution
		Debug|Any CPU = Debug|Any CPU
		Release|Any CPU = Release|Any CPU
	EndGlobalSection
	GlobalSection(ProjectConfigurationPlatforms) = postSolution
		{6ACD6E5E-FE63-471A-B64E-F13903929E2B}.Debug|Any CPU.ActiveCfg = Debug|Any CPU
		{6ACD6E5E-FE63-471A-B64E-F13903929E2B}.Debug|Any CPU.Build.0 = Debug|Any CPU
		{6ACD6E5E-FE63-471A-B64E-F13903929E2B}.Release|Any CPU.ActiveCfg = Release|Any CPU
		{6ACD6E5E-FE63-471A-B64E-F13903929E2B}.Release|Any CPU.Build.0 = Release|Any CPU
		{8F979D48-BA87-453D-A3EB-7FB8761D773A}.Debug|Any CPU.ActiveCfg = Debug|Any CPU
		{8F979D48-BA87-453D-A3EB-7FB8761D773A}.Debug|Any CPU.Build.0 = Debug|Any CPU
		{8F979D48-BA87-453D-A3EB-7FB8761D773A}.Release|Any CPU.ActiveCfg = Release|Any CPU
		{8F979D48-BA87-453D-A3EB-7FB8761D773A}.Release|Any CPU.Build.0 = Release|Any CPU
		{209C7679-1F3B-475B-95DA-4058A483B612}.Debug|Any CPU.ActiveCfg = Debug|Any CPU
		{209C7679-1F3B-475B-95DA-4058A483B612}.Debug|Any CPU.Build.0 = Debug|Any CPU
		{209C7679-1F3B-475B-95DA-4058A483B612}.Release|Any CPU.ActiveCfg = Release|Any CPU
		{209C7679-1F3B-475B-95DA-4058A483B612}.Release|Any CPU.Build.0 = Release|Any CPU
	EndGlobalSection
	GlobalSection(SolutionProperties) = preSolution
		HideSolutionNode = FALSE
	EndGlobalSection
	GlobalSection(ExtensibilityGlobals) = postSolution
		SolutionGuid = {BBED0B21-9E9C-43B7-93FD-C11EC694973C}
	EndGlobalSection
EndGlobal
